
Microsoft Visual Studio Solution File, Format Version 12.00
# Visual Studio 15
VisualStudioVersion = 15.0.28307.1082
MinimumVisualStudioVersion = 10.0.40219.1
Project("{FAE04EC0-301F-11D3-BF4B-00C04F79EFBC}") = "DoAn_PTUDQL1", "DoAn_PTUDQL1\DoAn_PTUDQL1.csproj", "{0B3DF108-343A-4E79-94F0-2715D58F8D0B}"
EndProject
Global
	GlobalSection(SolutionConfigurationPlatforms) = preSolution
		Debug|Any CPU = Debug|Any CPU
		Release|Any CPU = Release|Any CPU
	EndGlobalSection
	GlobalSection(ProjectConfigurationPlatforms) = postSolution
		{0B3DF108-343A-4E79-94F0-2715D58F8D0B}.Debug|Any CPU.ActiveCfg = Debug|Any CPU
		{0B3DF108-343A-4E79-94F0-2715D58F8D0B}.Debug|Any CPU.Build.0 = Debug|Any CPU
		{0B3DF108-343A-4E79-94F0-2715D58F8D0B}.Release|Any CPU.ActiveCfg = Release|Any CPU
		{0B3DF108-343A-4E79-94F0-2715D58F8D0B}.Release|Any CPU.Build.0 = Release|Any CPU
	EndGlobalSection
	GlobalSection(SolutionProperties) = preSolution
		HideSolutionNode = FALSE
	EndGlobalSection
	GlobalSection(ExtensibilityGlobals) = postSolution
		SolutionGuid = {BF56E11E-C621-4585-9FCC-A09690FC3CF5}
	EndGlobalSection
EndGlobal
